
Microsoft Visual Studio Solution File, Format Version 12.00
# Visual Studio Version 17
VisualStudioVersion = 17.10.35013.160
MinimumVisualStudioVersion = 10.0.40219.1
Project("{FAE04EC0-301F-11D3-BF4B-00C04F79EFBC}") = "Ejercicio01", "Ejercicio01\Ejercicio01.csproj", "{30D33AE6-594C-4090-8063-D6AF6885115B}"
EndProject
Global
	GlobalSection(SolutionConfigurationPlatforms) = preSolution
		Debug|Any CPU = Debug|Any CPU
		Release|Any CPU = Release|Any CPU
	EndGlobalSection
	GlobalSection(ProjectConfigurationPlatforms) = postSolution
		{30D33AE6-594C-4090-8063-D6AF6885115B}.Debug|Any CPU.ActiveCfg = Debug|Any CPU
		{30D33AE6-594C-4090-8063-D6AF6885115B}.Debug|Any CPU.Build.0 = Debug|Any CPU
		{30D33AE6-594C-4090-8063-D6AF6885115B}.Release|Any CPU.ActiveCfg = Release|Any CPU
		{30D33AE6-594C-4090-8063-D6AF6885115B}.Release|Any CPU.Build.0 = Release|Any CPU
	EndGlobalSection
	GlobalSection(SolutionProperties) = preSolution
		HideSolutionNode = FALSE
	EndGlobalSection
	GlobalSection(ExtensibilityGlobals) = postSolution
		SolutionGuid = {860A3C5B-BB63-49D5-AD9C-961EAAE78AD5}
	EndGlobalSection
EndGlobal
