
Microsoft Visual Studio Solution File, Format Version 12.00
# Visual Studio Version 17
VisualStudioVersion = 17.10.35013.160
MinimumVisualStudioVersion = 10.0.40219.1
Project("{FAE04EC0-301F-11D3-BF4B-00C04F79EFBC}") = "Ejercicio06", "Ejercicio06\Ejercicio06.csproj", "{68D9D02F-F1A6-4695-A876-AB5D427423EA}"
EndProject
Global
	GlobalSection(SolutionConfigurationPlatforms) = preSolution
		Debug|Any CPU = Debug|Any CPU
		Release|Any CPU = Release|Any CPU
	EndGlobalSection
	GlobalSection(ProjectConfigurationPlatforms) = postSolution
		{68D9D02F-F1A6-4695-A876-AB5D427423EA}.Debug|Any CPU.ActiveCfg = Debug|Any CPU
		{68D9D02F-F1A6-4695-A876-AB5D427423EA}.Debug|Any CPU.Build.0 = Debug|Any CPU
		{68D9D02F-F1A6-4695-A876-AB5D427423EA}.Release|Any CPU.ActiveCfg = Release|Any CPU
		{68D9D02F-F1A6-4695-A876-AB5D427423EA}.Release|Any CPU.Build.0 = Release|Any CPU
	EndGlobalSection
	GlobalSection(SolutionProperties) = preSolution
		HideSolutionNode = FALSE
	EndGlobalSection
	GlobalSection(ExtensibilityGlobals) = postSolution
		SolutionGuid = {AC809090-067B-41E3-BED8-C91D7099AA5B}
	EndGlobalSection
EndGlobal
