
Microsoft Visual Studio Solution File, Format Version 12.00
# Visual Studio Version 17
VisualStudioVersion = 17.10.35013.160
MinimumVisualStudioVersion = 10.0.40219.1
Project("{FAE04EC0-301F-11D3-BF4B-00C04F79EFBC}") = "Listas", "Listas\Listas.csproj", "{24BF7594-606E-4AF9-B1AA-2426798053EA}"
EndProject
Global
	GlobalSection(SolutionConfigurationPlatforms) = preSolution
		Debug|Any CPU = Debug|Any CPU
		Release|Any CPU = Release|Any CPU
	EndGlobalSection
	GlobalSection(ProjectConfigurationPlatforms) = postSolution
		{24BF7594-606E-4AF9-B1AA-2426798053EA}.Debug|Any CPU.ActiveCfg = Debug|Any CPU
		{24BF7594-606E-4AF9-B1AA-2426798053EA}.Debug|Any CPU.Build.0 = Debug|Any CPU
		{24BF7594-606E-4AF9-B1AA-2426798053EA}.Release|Any CPU.ActiveCfg = Release|Any CPU
		{24BF7594-606E-4AF9-B1AA-2426798053EA}.Release|Any CPU.Build.0 = Release|Any CPU
	EndGlobalSection
	GlobalSection(SolutionProperties) = preSolution
		HideSolutionNode = FALSE
	EndGlobalSection
	GlobalSection(ExtensibilityGlobals) = postSolution
		SolutionGuid = {40CDA34A-AF31-4F5A-AB85-43FBABBEFB61}
	EndGlobalSection
EndGlobal
