
Microsoft Visual Studio Solution File, Format Version 12.00
# Visual Studio Version 17
VisualStudioVersion = 17.10.35013.160
MinimumVisualStudioVersion = 10.0.40219.1
Project("{FAE04EC0-301F-11D3-BF4B-00C04F79EFBC}") = "Ejercicio02", "Ejercicio02\Ejercicio02.csproj", "{9DB4BC4D-9480-4C46-87D6-340E335CF5D6}"
EndProject
Global
	GlobalSection(SolutionConfigurationPlatforms) = preSolution
		Debug|Any CPU = Debug|Any CPU
		Release|Any CPU = Release|Any CPU
	EndGlobalSection
	GlobalSection(ProjectConfigurationPlatforms) = postSolution
		{9DB4BC4D-9480-4C46-87D6-340E335CF5D6}.Debug|Any CPU.ActiveCfg = Debug|Any CPU
		{9DB4BC4D-9480-4C46-87D6-340E335CF5D6}.Debug|Any CPU.Build.0 = Debug|Any CPU
		{9DB4BC4D-9480-4C46-87D6-340E335CF5D6}.Release|Any CPU.ActiveCfg = Release|Any CPU
		{9DB4BC4D-9480-4C46-87D6-340E335CF5D6}.Release|Any CPU.Build.0 = Release|Any CPU
	EndGlobalSection
	GlobalSection(SolutionProperties) = preSolution
		HideSolutionNode = FALSE
	EndGlobalSection
	GlobalSection(ExtensibilityGlobals) = postSolution
		SolutionGuid = {69134829-3EDC-47C0-A8C5-A8742429A399}
	EndGlobalSection
EndGlobal
