
Microsoft Visual Studio Solution File, Format Version 12.00
# Visual Studio Version 17
VisualStudioVersion = 17.10.35013.160
MinimumVisualStudioVersion = 10.0.40219.1
Project("{FAE04EC0-301F-11D3-BF4B-00C04F79EFBC}") = "Ejercicio04", "Ejercicio04\Ejercicio04.csproj", "{C7005CE9-2BBC-4127-8FC5-B8B186BCA034}"
EndProject
Global
	GlobalSection(SolutionConfigurationPlatforms) = preSolution
		Debug|Any CPU = Debug|Any CPU
		Release|Any CPU = Release|Any CPU
	EndGlobalSection
	GlobalSection(ProjectConfigurationPlatforms) = postSolution
		{C7005CE9-2BBC-4127-8FC5-B8B186BCA034}.Debug|Any CPU.ActiveCfg = Debug|Any CPU
		{C7005CE9-2BBC-4127-8FC5-B8B186BCA034}.Debug|Any CPU.Build.0 = Debug|Any CPU
		{C7005CE9-2BBC-4127-8FC5-B8B186BCA034}.Release|Any CPU.ActiveCfg = Release|Any CPU
		{C7005CE9-2BBC-4127-8FC5-B8B186BCA034}.Release|Any CPU.Build.0 = Release|Any CPU
	EndGlobalSection
	GlobalSection(SolutionProperties) = preSolution
		HideSolutionNode = FALSE
	EndGlobalSection
	GlobalSection(ExtensibilityGlobals) = postSolution
		SolutionGuid = {30197E76-8740-4AE8-8348-50999AA4C64C}
	EndGlobalSection
EndGlobal
