
Microsoft Visual Studio Solution File, Format Version 12.00
# Visual Studio Version 17
VisualStudioVersion = 17.10.35013.160
MinimumVisualStudioVersion = 10.0.40219.1
Project("{FAE04EC0-301F-11D3-BF4B-00C04F79EFBC}") = "Ejercicio02", "Ejercicio02\Ejercicio02.csproj", "{FF3F880E-DC48-4E50-9789-89A2CF0E5CC6}"
EndProject
Global
	GlobalSection(SolutionConfigurationPlatforms) = preSolution
		Debug|Any CPU = Debug|Any CPU
		Release|Any CPU = Release|Any CPU
	EndGlobalSection
	GlobalSection(ProjectConfigurationPlatforms) = postSolution
		{FF3F880E-DC48-4E50-9789-89A2CF0E5CC6}.Debug|Any CPU.ActiveCfg = Debug|Any CPU
		{FF3F880E-DC48-4E50-9789-89A2CF0E5CC6}.Debug|Any CPU.Build.0 = Debug|Any CPU
		{FF3F880E-DC48-4E50-9789-89A2CF0E5CC6}.Release|Any CPU.ActiveCfg = Release|Any CPU
		{FF3F880E-DC48-4E50-9789-89A2CF0E5CC6}.Release|Any CPU.Build.0 = Release|Any CPU
	EndGlobalSection
	GlobalSection(SolutionProperties) = preSolution
		HideSolutionNode = FALSE
	EndGlobalSection
	GlobalSection(ExtensibilityGlobals) = postSolution
		SolutionGuid = {18E7D048-3117-4BD2-8515-9F4D3F694EF4}
	EndGlobalSection
EndGlobal
