
Microsoft Visual Studio Solution File, Format Version 12.00
# Visual Studio Version 17
VisualStudioVersion = 17.10.35013.160
MinimumVisualStudioVersion = 10.0.40219.1
Project("{FAE04EC0-301F-11D3-BF4B-00C04F79EFBC}") = "Ejercicio05", "Ejercicio05\Ejercicio05.csproj", "{37AFDB87-FAB5-49FA-B5DE-92625F2D3C52}"
EndProject
Global
	GlobalSection(SolutionConfigurationPlatforms) = preSolution
		Debug|Any CPU = Debug|Any CPU
		Release|Any CPU = Release|Any CPU
	EndGlobalSection
	GlobalSection(ProjectConfigurationPlatforms) = postSolution
		{37AFDB87-FAB5-49FA-B5DE-92625F2D3C52}.Debug|Any CPU.ActiveCfg = Debug|Any CPU
		{37AFDB87-FAB5-49FA-B5DE-92625F2D3C52}.Debug|Any CPU.Build.0 = Debug|Any CPU
		{37AFDB87-FAB5-49FA-B5DE-92625F2D3C52}.Release|Any CPU.ActiveCfg = Release|Any CPU
		{37AFDB87-FAB5-49FA-B5DE-92625F2D3C52}.Release|Any CPU.Build.0 = Release|Any CPU
	EndGlobalSection
	GlobalSection(SolutionProperties) = preSolution
		HideSolutionNode = FALSE
	EndGlobalSection
	GlobalSection(ExtensibilityGlobals) = postSolution
		SolutionGuid = {67DE65A4-9A80-4A97-823F-AD6147AFFDB3}
	EndGlobalSection
EndGlobal
